
Microsoft Visual Studio Solution File, Format Version 12.00
# Visual Studio 15
VisualStudioVersion = 15.0.28307.329
MinimumVisualStudioVersion = 10.0.40219.1
Project("{FAE04EC0-301F-11D3-BF4B-00C04F79EFBC}") = "TiposLayout.Android", "TiposLayout\TiposLayout.Android\TiposLayout.Android.csproj", "{81935D1B-2383-4718-BFD9-70F8FAB67FD1}"
EndProject
Project("{FAE04EC0-301F-11D3-BF4B-00C04F79EFBC}") = "TiposLayout.iOS", "TiposLayout\TiposLayout.iOS\TiposLayout.iOS.csproj", "{B5B5C48A-5622-42B7-BAF4-015A84B9BEAD}"
EndProject
Project("{FAE04EC0-301F-11D3-BF4B-00C04F79EFBC}") = "TiposLayout.UWP", "TiposLayout\TiposLayout.UWP\TiposLayout.UWP.csproj", "{AB8FB5C6-4927-49FA-B1CE-FE0F80980854}"
EndProject
Project("{FAE04EC0-301F-11D3-BF4B-00C04F79EFBC}") = "TiposLayout", "TiposLayout\TiposLayout\TiposLayout.csproj", "{10CA5F19-C3B7-4E48-9F35-64F8E56C4200}"
EndProject
Global
	GlobalSection(SolutionConfigurationPlatforms) = preSolution
		Ad-Hoc|Any CPU = Ad-Hoc|Any CPU
		Ad-Hoc|ARM = Ad-Hoc|ARM
		Ad-Hoc|iPhone = Ad-Hoc|iPhone
		Ad-Hoc|iPhoneSimulator = Ad-Hoc|iPhoneSimulator
		Ad-Hoc|x64 = Ad-Hoc|x64
		Ad-Hoc|x86 = Ad-Hoc|x86
		AppStore|Any CPU = AppStore|Any CPU
		AppStore|ARM = AppStore|ARM
		AppStore|iPhone = AppStore|iPhone
		AppStore|iPhoneSimulator = AppStore|iPhoneSimulator
		AppStore|x64 = AppStore|x64
		AppStore|x86 = AppStore|x86
		Debug|Any CPU = Debug|Any CPU
		Debug|ARM = Debug|ARM
		Debug|iPhone = Debug|iPhone
		Debug|iPhoneSimulator = Debug|iPhoneSimulator
		Debug|x64 = Debug|x64
		Debug|x86 = Debug|x86
		Release|Any CPU = Release|Any CPU
		Release|ARM = Release|ARM
		Release|iPhone = Release|iPhone
		Release|iPhoneSimulator = Release|iPhoneSimulator
		Release|x64 = Release|x64
		Release|x86 = Release|x86
	EndGlobalSection
	GlobalSection(ProjectConfigurationPlatforms) = postSolution
		{81935D1B-2383-4718-BFD9-70F8FAB67FD1}.Ad-Hoc|Any CPU.ActiveCfg = Release|Any CPU
		{81935D1B-2383-4718-BFD9-70F8FAB67FD1}.Ad-Hoc|Any CPU.Build.0 = Release|Any CPU
		{81935D1B-2383-4718-BFD9-70F8FAB67FD1}.Ad-Hoc|Any CPU.Deploy.0 = Release|Any CPU
		{81935D1B-2383-4718-BFD9-70F8FAB67FD1}.Ad-Hoc|ARM.ActiveCfg = Release|Any CPU
		{81935D1B-2383-4718-BFD9-70F8FAB67FD1}.Ad-Hoc|ARM.Build.0 = Release|Any CPU
		{81935D1B-2383-4718-BFD9-70F8FAB67FD1}.Ad-Hoc|ARM.Deploy.0 = Release|Any CPU
		{81935D1B-2383-4718-BFD9-70F8FAB67FD1}.Ad-Hoc|iPhone.ActiveCfg = Release|Any CPU
		{81935D1B-2383-4718-BFD9-70F8FAB67FD1}.Ad-Hoc|iPhone.Build.0 = Release|Any CPU
		{81935D1B-2383-4718-BFD9-70F8FAB67FD1}.Ad-Hoc|iPhone.Deploy.0 = Release|Any CPU
		{81935D1B-2383-4718-BFD9-70F8FAB67FD1}.Ad-Hoc|iPhoneSimulator.ActiveCfg = Release|Any CPU
		{81935D1B-2383-4718-BFD9-70F8FAB67FD1}.Ad-Hoc|iPhoneSimulator.Build.0 = Release|Any CPU
		{81935D1B-2383-4718-BFD9-70F8FAB67FD1}.Ad-Hoc|iPhoneSimulator.Deploy.0 = Release|Any CPU
		{81935D1B-2383-4718-BFD9-70F8FAB67FD1}.Ad-Hoc|x64.ActiveCfg = Release|Any CPU
		{81935D1B-2383-4718-BFD9-70F8FAB67FD1}.Ad-Hoc|x64.Build.0 = Release|Any CPU
		{81935D1B-2383-4718-BFD9-70F8FAB67FD1}.Ad-Hoc|x64.Deploy.0 = Release|Any CPU
		{81935D1B-2383-4718-BFD9-70F8FAB67FD1}.Ad-Hoc|x86.ActiveCfg = Release|Any CPU
		{81935D1B-2383-4718-BFD9-70F8FAB67FD1}.Ad-Hoc|x86.Build.0 = Release|Any CPU
		{81935D1B-2383-4718-BFD9-70F8FAB67FD1}.Ad-Hoc|x86.Deploy.0 = Release|Any CPU
		{81935D1B-2383-4718-BFD9-70F8FAB67FD1}.AppStore|Any CPU.ActiveCfg = Release|Any CPU
		{81935D1B-2383-4718-BFD9-70F8FAB67FD1}.AppStore|Any CPU.Build.0 = Release|Any CPU
		{81935D1B-2383-4718-BFD9-70F8FAB67FD1}.AppStore|Any CPU.Deploy.0 = Release|Any CPU
		{81935D1B-2383-4718-BFD9-70F8FAB67FD1}.AppStore|ARM.ActiveCfg = Release|Any CPU
		{81935D1B-2383-4718-BFD9-70F8FAB67FD1}.AppStore|ARM.Build.0 = Release|Any CPU
		{81935D1B-2383-4718-BFD9-70F8FAB67FD1}.AppStore|ARM.Deploy.0 = Release|Any CPU
		{81935D1B-2383-4718-BFD9-70F8FAB67FD1}.AppStore|iPhone.ActiveCfg = Release|Any CPU
		{81935D1B-2383-4718-BFD9-70F8FAB67FD1}.AppStore|iPhone.Build.0 = Release|Any CPU
		{81935D1B-2383-4718-BFD9-70F8FAB67FD1}.AppStore|iPhone.Deploy.0 = Release|Any CPU
		{81935D1B-2383-4718-BFD9-70F8FAB67FD1}.AppStore|iPhoneSimulator.ActiveCfg = Release|Any CPU
		{81935D1B-2383-4718-BFD9-70F8FAB67FD1}.AppStore|iPhoneSimulator.Build.0 = Release|Any CPU
		{81935D1B-2383-4718-BFD9-70F8FAB67FD1}.AppStore|iPhoneSimulator.Deploy.0 = Release|Any CPU
		{81935D1B-2383-4718-BFD9-70F8FAB67FD1}.AppStore|x64.ActiveCfg = Release|Any CPU
		{81935D1B-2383-4718-BFD9-70F8FAB67FD1}.AppStore|x64.Build.0 = Release|Any CPU
		{81935D1B-2383-4718-BFD9-70F8FAB67FD1}.AppStore|x64.Deploy.0 = Release|Any CPU
		{81935D1B-2383-4718-BFD9-70F8FAB67FD1}.AppStore|x86.ActiveCfg = Release|Any CPU
		{81935D1B-2383-4718-BFD9-70F8FAB67FD1}.AppStore|x86.Build.0 = Release|Any CPU
		{81935D1B-2383-4718-BFD9-70F8FAB67FD1}.AppStore|x86.Deploy.0 = Release|Any CPU
		{81935D1B-2383-4718-BFD9-70F8FAB67FD1}.Debug|Any CPU.ActiveCfg = Debug|Any CPU
		{81935D1B-2383-4718-BFD9-70F8FAB67FD1}.Debug|Any CPU.Build.0 = Debug|Any CPU
		{81935D1B-2383-4718-BFD9-70F8FAB67FD1}.Debug|Any CPU.Deploy.0 = Debug|Any CPU
		{81935D1B-2383-4718-BFD9-70F8FAB67FD1}.Debug|ARM.ActiveCfg = Debug|Any CPU
		{81935D1B-2383-4718-BFD9-70F8FAB67FD1}.Debug|ARM.Build.0 = Debug|Any CPU
		{81935D1B-2383-4718-BFD9-70F8FAB67FD1}.Debug|ARM.Deploy.0 = Debug|Any CPU
		{81935D1B-2383-4718-BFD9-70F8FAB67FD1}.Debug|iPhone.ActiveCfg = Debug|Any CPU
		{81935D1B-2383-4718-BFD9-70F8FAB67FD1}.Debug|iPhone.Build.0 = Debug|Any CPU
		{81935D1B-2383-4718-BFD9-70F8FAB67FD1}.Debug|iPhone.Deploy.0 = Debug|Any CPU
		{81935D1B-2383-4718-BFD9-70F8FAB67FD1}.Debug|iPhoneSimulator.ActiveCfg = Debug|Any CPU
		{81935D1B-2383-4718-BFD9-70F8FAB67FD1}.Debug|iPhoneSimulator.Build.0 = Debug|Any CPU
		{81935D1B-2383-4718-BFD9-70F8FAB67FD1}.Debug|iPhoneSimulator.Deploy.0 = Debug|Any CPU
		{81935D1B-2383-4718-BFD9-70F8FAB67FD1}.Debug|x64.ActiveCfg = Debug|Any CPU
		{81935D1B-2383-4718-BFD9-70F8FAB67FD1}.Debug|x64.Build.0 = Debug|Any CPU
		{81935D1B-2383-4718-BFD9-70F8FAB67FD1}.Debug|x64.Deploy.0 = Debug|Any CPU
		{81935D1B-2383-4718-BFD9-70F8FAB67FD1}.Debug|x86.ActiveCfg = Debug|Any CPU
		{81935D1B-2383-4718-BFD9-70F8FAB67FD1}.Debug|x86.Build.0 = Debug|Any CPU
		{81935D1B-2383-4718-BFD9-70F8FAB67FD1}.Debug|x86.Deploy.0 = Debug|Any CPU
		{81935D1B-2383-4718-BFD9-70F8FAB67FD1}.Release|Any CPU.ActiveCfg = Release|Any CPU
		{81935D1B-2383-4718-BFD9-70F8FAB67FD1}.Release|Any CPU.Build.0 = Release|Any CPU
		{81935D1B-2383-4718-BFD9-70F8FAB67FD1}.Release|Any CPU.Deploy.0 = Release|Any CPU
		{81935D1B-2383-4718-BFD9-70F8FAB67FD1}.Release|ARM.ActiveCfg = Release|Any CPU
		{81935D1B-2383-4718-BFD9-70F8FAB67FD1}.Release|ARM.Build.0 = Release|Any CPU
		{81935D1B-2383-4718-BFD9-70F8FAB67FD1}.Release|ARM.Deploy.0 = Release|Any CPU
		{81935D1B-2383-4718-BFD9-70F8FAB67FD1}.Release|iPhone.ActiveCfg = Release|Any CPU
		{81935D1B-2383-4718-BFD9-70F8FAB67FD1}.Release|iPhone.Build.0 = Release|Any CPU
		{81935D1B-2383-4718-BFD9-70F8FAB67FD1}.Release|iPhone.Deploy.0 = Release|Any CPU
		{81935D1B-2383-4718-BFD9-70F8FAB67FD1}.Release|iPhoneSimulator.ActiveCfg = Release|Any CPU
		{81935D1B-2383-4718-BFD9-70F8FAB67FD1}.Release|iPhoneSimulator.Build.0 = Release|Any CPU
		{81935D1B-2383-4718-BFD9-70F8FAB67FD1}.Release|iPhoneSimulator.Deploy.0 = Release|Any CPU
		{81935D1B-2383-4718-BFD9-70F8FAB67FD1}.Release|x64.ActiveCfg = Release|Any CPU
		{81935D1B-2383-4718-BFD9-70F8FAB67FD1}.Release|x64.Build.0 = Release|Any CPU
		{81935D1B-2383-4718-BFD9-70F8FAB67FD1}.Release|x64.Deploy.0 = Release|Any CPU
		{81935D1B-2383-4718-BFD9-70F8FAB67FD1}.Release|x86.ActiveCfg = Release|Any CPU
		{81935D1B-2383-4718-BFD9-70F8FAB67FD1}.Release|x86.Build.0 = Release|Any CPU
		{81935D1B-2383-4718-BFD9-70F8FAB67FD1}.Release|x86.Deploy.0 = Release|Any CPU
		{B5B5C48A-5622-42B7-BAF4-015A84B9BEAD}.Ad-Hoc|Any CPU.ActiveCfg = Ad-Hoc|iPhone
		{B5B5C48A-5622-42B7-BAF4-015A84B9BEAD}.Ad-Hoc|Any CPU.Build.0 = Ad-Hoc|iPhone
		{B5B5C48A-5622-42B7-BAF4-015A84B9BEAD}.Ad-Hoc|Any CPU.Deploy.0 = Ad-Hoc|iPhone
		{B5B5C48A-5622-42B7-BAF4-015A84B9BEAD}.Ad-Hoc|ARM.ActiveCfg = Ad-Hoc|iPhone
		{B5B5C48A-5622-42B7-BAF4-015A84B9BEAD}.Ad-Hoc|ARM.Build.0 = Ad-Hoc|iPhone
		{B5B5C48A-5622-42B7-BAF4-015A84B9BEAD}.Ad-Hoc|ARM.Deploy.0 = Ad-Hoc|iPhone
		{B5B5C48A-5622-42B7-BAF4-015A84B9BEAD}.Ad-Hoc|iPhone.ActiveCfg = Ad-Hoc|iPhone
		{B5B5C48A-5622-42B7-BAF4-015A84B9BEAD}.Ad-Hoc|iPhone.Build.0 = Ad-Hoc|iPhone
		{B5B5C48A-5622-42B7-BAF4-015A84B9BEAD}.Ad-Hoc|iPhone.Deploy.0 = Ad-Hoc|iPhone
		{B5B5C48A-5622-42B7-BAF4-015A84B9BEAD}.Ad-Hoc|iPhoneSimulator.ActiveCfg = Ad-Hoc|iPhoneSimulator
		{B5B5C48A-5622-42B7-BAF4-015A84B9BEAD}.Ad-Hoc|iPhoneSimulator.Build.0 = Ad-Hoc|iPhoneSimulator
		{B5B5C48A-5622-42B7-BAF4-015A84B9BEAD}.Ad-Hoc|iPhoneSimulator.Deploy.0 = Ad-Hoc|iPhoneSimulator
		{B5B5C48A-5622-42B7-BAF4-015A84B9BEAD}.Ad-Hoc|x64.ActiveCfg = Ad-Hoc|iPhone
		{B5B5C48A-5622-42B7-BAF4-015A84B9BEAD}.Ad-Hoc|x64.Build.0 = Ad-Hoc|iPhone
		{B5B5C48A-5622-42B7-BAF4-015A84B9BEAD}.Ad-Hoc|x64.Deploy.0 = Ad-Hoc|iPhone
		{B5B5C48A-5622-42B7-BAF4-015A84B9BEAD}.Ad-Hoc|x86.ActiveCfg = Ad-Hoc|iPhone
		{B5B5C48A-5622-42B7-BAF4-015A84B9BEAD}.Ad-Hoc|x86.Build.0 = Ad-Hoc|iPhone
		{B5B5C48A-5622-42B7-BAF4-015A84B9BEAD}.Ad-Hoc|x86.Deploy.0 = Ad-Hoc|iPhone
		{B5B5C48A-5622-42B7-BAF4-015A84B9BEAD}.AppStore|Any CPU.ActiveCfg = AppStore|iPhone
		{B5B5C48A-5622-42B7-BAF4-015A84B9BEAD}.AppStore|Any CPU.Build.0 = AppStore|iPhone
		{B5B5C48A-5622-42B7-BAF4-015A84B9BEAD}.AppStore|Any CPU.Deploy.0 = AppStore|iPhone
		{B5B5C48A-5622-42B7-BAF4-015A84B9BEAD}.AppStore|ARM.ActiveCfg = AppStore|iPhone
		{B5B5C48A-5622-42B7-BAF4-015A84B9BEAD}.AppStore|ARM.Build.0 = AppStore|iPhone
		{B5B5C48A-5622-42B7-BAF4-015A84B9BEAD}.AppStore|ARM.Deploy.0 = AppStore|iPhone
		{B5B5C48A-5622-42B7-BAF4-015A84B9BEAD}.AppStore|iPhone.ActiveCfg = AppStore|iPhone
		{B5B5C48A-5622-42B7-BAF4-015A84B9BEAD}.AppStore|iPhone.Build.0 = AppStore|iPhone
		{B5B5C48A-5622-42B7-BAF4-015A84B9BEAD}.AppStore|iPhone.Deploy.0 = AppStore|iPhone
		{B5B5C48A-5622-42B7-BAF4-015A84B9BEAD}.AppStore|iPhoneSimulator.ActiveCfg = AppStore|iPhoneSimulator
		{B5B5C48A-5622-42B7-BAF4-015A84B9BEAD}.AppStore|iPhoneSimulator.Build.0 = AppStore|iPhoneSimulator
		{B5B5C48A-5622-42B7-BAF4-015A84B9BEAD}.AppStore|iPhoneSimulator.Deploy.0 = AppStore|iPhoneSimulator
		{B5B5C48A-5622-42B7-BAF4-015A84B9BEAD}.AppStore|x64.ActiveCfg = AppStore|iPhone
		{B5B5C48A-5622-42B7-BAF4-015A84B9BEAD}.AppStore|x64.Build.0 = AppStore|iPhone
		{B5B5C48A-5622-42B7-BAF4-015A84B9BEAD}.AppStore|x64.Deploy.0 = AppStore|iPhone
		{B5B5C48A-5622-42B7-BAF4-015A84B9BEAD}.AppStore|x86.ActiveCfg = AppStore|iPhone
		{B5B5C48A-5622-42B7-BAF4-015A84B9BEAD}.AppStore|x86.Build.0 = AppStore|iPhone
		{B5B5C48A-5622-42B7-BAF4-015A84B9BEAD}.AppStore|x86.Deploy.0 = AppStore|iPhone
		{B5B5C48A-5622-42B7-BAF4-015A84B9BEAD}.Debug|Any CPU.ActiveCfg = Debug|iPhoneSimulator
		{B5B5C48A-5622-42B7-BAF4-015A84B9BEAD}.Debug|Any CPU.Build.0 = Debug|iPhoneSimulator
		{B5B5C48A-5622-42B7-BAF4-015A84B9BEAD}.Debug|Any CPU.Deploy.0 = Debug|iPhoneSimulator
		{B5B5C48A-5622-42B7-BAF4-015A84B9BEAD}.Debug|ARM.ActiveCfg = Debug|iPhone
		{B5B5C48A-5622-42B7-BAF4-015A84B9BEAD}.Debug|ARM.Build.0 = Debug|iPhone
		{B5B5C48A-5622-42B7-BAF4-015A84B9BEAD}.Debug|ARM.Deploy.0 = Debug|iPhone
		{B5B5C48A-5622-42B7-BAF4-015A84B9BEAD}.Debug|iPhone.ActiveCfg = Debug|iPhone
		{B5B5C48A-5622-42B7-BAF4-015A84B9BEAD}.Debug|iPhone.Build.0 = Debug|iPhone
		{B5B5C48A-5622-42B7-BAF4-015A84B9BEAD}.Debug|iPhone.Deploy.0 = Debug|iPhone
		{B5B5C48A-5622-42B7-BAF4-015A84B9BEAD}.Debug|iPhoneSimulator.ActiveCfg = Debug|iPhoneSimulator
		{B5B5C48A-5622-42B7-BAF4-015A84B9BEAD}.Debug|iPhoneSimulator.Build.0 = Debug|iPhoneSimulator
		{B5B5C48A-5622-42B7-BAF4-015A84B9BEAD}.Debug|iPhoneSimulator.Deploy.0 = Debug|iPhoneSimulator
		{B5B5C48A-5622-42B7-BAF4-015A84B9BEAD}.Debug|x64.ActiveCfg = Debug|iPhone
		{B5B5C48A-5622-42B7-BAF4-015A84B9BEAD}.Debug|x64.Build.0 = Debug|iPhone
		{B5B5C48A-5622-42B7-BAF4-015A84B9BEAD}.Debug|x64.Deploy.0 = Debug|iPhone
		{B5B5C48A-5622-42B7-BAF4-015A84B9BEAD}.Debug|x86.ActiveCfg = Debug|iPhone
		{B5B5C48A-5622-42B7-BAF4-015A84B9BEAD}.Debug|x86.Build.0 = Debug|iPhone
		{B5B5C48A-5622-42B7-BAF4-015A84B9BEAD}.Debug|x86.Deploy.0 = Debug|iPhone
		{B5B5C48A-5622-42B7-BAF4-015A84B9BEAD}.Release|Any CPU.ActiveCfg = Release|iPhone
		{B5B5C48A-5622-42B7-BAF4-015A84B9BEAD}.Release|Any CPU.Build.0 = Release|iPhone
		{B5B5C48A-5622-42B7-BAF4-015A84B9BEAD}.Release|Any CPU.Deploy.0 = Release|iPhone
		{B5B5C48A-5622-42B7-BAF4-015A84B9BEAD}.Release|ARM.ActiveCfg = Release|iPhone
		{B5B5C48A-5622-42B7-BAF4-015A84B9BEAD}.Release|ARM.Build.0 = Release|iPhone
		{B5B5C48A-5622-42B7-BAF4-015A84B9BEAD}.Release|ARM.Deploy.0 = Release|iPhone
		{B5B5C48A-5622-42B7-BAF4-015A84B9BEAD}.Release|iPhone.ActiveCfg = Release|iPhone
		{B5B5C48A-5622-42B7-BAF4-015A84B9BEAD}.Release|iPhone.Build.0 = Release|iPhone
		{B5B5C48A-5622-42B7-BAF4-015A84B9BEAD}.Release|iPhone.Deploy.0 = Release|iPhone
		{B5B5C48A-5622-42B7-BAF4-015A84B9BEAD}.Release|iPhoneSimulator.ActiveCfg = Release|iPhoneSimulator
		{B5B5C48A-5622-42B7-BAF4-015A84B9BEAD}.Release|iPhoneSimulator.Build.0 = Release|iPhoneSimulator
		{B5B5C48A-5622-42B7-BAF4-015A84B9BEAD}.Release|iPhoneSimulator.Deploy.0 = Release|iPhoneSimulator
		{B5B5C48A-5622-42B7-BAF4-015A84B9BEAD}.Release|x64.ActiveCfg = Release|iPhone
		{B5B5C48A-5622-42B7-BAF4-015A84B9BEAD}.Release|x64.Build.0 = Release|iPhone
		{B5B5C48A-5622-42B7-BAF4-015A84B9BEAD}.Release|x64.Deploy.0 = Release|iPhone
		{B5B5C48A-5622-42B7-BAF4-015A84B9BEAD}.Release|x86.ActiveCfg = Release|iPhone
		{B5B5C48A-5622-42B7-BAF4-015A84B9BEAD}.Release|x86.Build.0 = Release|iPhone
		{B5B5C48A-5622-42B7-BAF4-015A84B9BEAD}.Release|x86.Deploy.0 = Release|iPhone
		{AB8FB5C6-4927-49FA-B1CE-FE0F80980854}.Ad-Hoc|Any CPU.ActiveCfg = Release|x86
		{AB8FB5C6-4927-49FA-B1CE-FE0F80980854}.Ad-Hoc|Any CPU.Build.0 = Release|x86
		{AB8FB5C6-4927-49FA-B1CE-FE0F80980854}.Ad-Hoc|Any CPU.Deploy.0 = Release|x86
		{AB8FB5C6-4927-49FA-B1CE-FE0F80980854}.Ad-Hoc|ARM.ActiveCfg = Release|ARM
		{AB8FB5C6-4927-49FA-B1CE-FE0F80980854}.Ad-Hoc|ARM.Build.0 = Release|ARM
		{AB8FB5C6-4927-49FA-B1CE-FE0F80980854}.Ad-Hoc|ARM.Deploy.0 = Release|ARM
		{AB8FB5C6-4927-49FA-B1CE-FE0F80980854}.Ad-Hoc|iPhone.ActiveCfg = Release|x86
		{AB8FB5C6-4927-49FA-B1CE-FE0F80980854}.Ad-Hoc|iPhone.Build.0 = Release|x86
		{AB8FB5C6-4927-49FA-B1CE-FE0F80980854}.Ad-Hoc|iPhone.Deploy.0 = Release|x86
		{AB8FB5C6-4927-49FA-B1CE-FE0F80980854}.Ad-Hoc|iPhoneSimulator.ActiveCfg = Release|x86
		{AB8FB5C6-4927-49FA-B1CE-FE0F80980854}.Ad-Hoc|iPhoneSimulator.Build.0 = Release|x86
		{AB8FB5C6-4927-49FA-B1CE-FE0F80980854}.Ad-Hoc|iPhoneSimulator.Deploy.0 = Release|x86
		{AB8FB5C6-4927-49FA-B1CE-FE0F80980854}.Ad-Hoc|x64.ActiveCfg = Release|x64
		{AB8FB5C6-4927-49FA-B1CE-FE0F80980854}.Ad-Hoc|x64.Build.0 = Release|x64
		{AB8FB5C6-4927-49FA-B1CE-FE0F80980854}.Ad-Hoc|x64.Deploy.0 = Release|x64
		{AB8FB5C6-4927-49FA-B1CE-FE0F80980854}.Ad-Hoc|x86.ActiveCfg = Release|x86
		{AB8FB5C6-4927-49FA-B1CE-FE0F80980854}.Ad-Hoc|x86.Build.0 = Release|x86
		{AB8FB5C6-4927-49FA-B1CE-FE0F80980854}.Ad-Hoc|x86.Deploy.0 = Release|x86
		{AB8FB5C6-4927-49FA-B1CE-FE0F80980854}.AppStore|Any CPU.ActiveCfg = Release|x86
		{AB8FB5C6-4927-49FA-B1CE-FE0F80980854}.AppStore|Any CPU.Build.0 = Release|x86
		{AB8FB5C6-4927-49FA-B1CE-FE0F80980854}.AppStore|Any CPU.Deploy.0 = Release|x86
		{AB8FB5C6-4927-49FA-B1CE-FE0F80980854}.AppStore|ARM.ActiveCfg = Release|ARM
		{AB8FB5C6-4927-49FA-B1CE-FE0F80980854}.AppStore|ARM.Build.0 = Release|ARM
		{AB8FB5C6-4927-49FA-B1CE-FE0F80980854}.AppStore|ARM.Deploy.0 = Release|ARM
		{AB8FB5C6-4927-49FA-B1CE-FE0F80980854}.AppStore|iPhone.ActiveCfg = Release|x86
		{AB8FB5C6-4927-49FA-B1CE-FE0F80980854}.AppStore|iPhone.Build.0 = Release|x86
		{AB8FB5C6-4927-49FA-B1CE-FE0F80980854}.AppStore|iPhone.Deploy.0 = Release|x86
		{AB8FB5C6-4927-49FA-B1CE-FE0F80980854}.AppStore|iPhoneSimulator.ActiveCfg = Release|x86
		{AB8FB5C6-4927-49FA-B1CE-FE0F80980854}.AppStore|iPhoneSimulator.Build.0 = Release|x86
		{AB8FB5C6-4927-49FA-B1CE-FE0F80980854}.AppStore|iPhoneSimulator.Deploy.0 = Release|x86
		{AB8FB5C6-4927-49FA-B1CE-FE0F80980854}.AppStore|x64.ActiveCfg = Release|x64
		{AB8FB5C6-4927-49FA-B1CE-FE0F80980854}.AppStore|x64.Build.0 = Release|x64
		{AB8FB5C6-4927-49FA-B1CE-FE0F80980854}.AppStore|x64.Deploy.0 = Release|x64
		{AB8FB5C6-4927-49FA-B1CE-FE0F80980854}.AppStore|x86.ActiveCfg = Release|x86
		{AB8FB5C6-4927-49FA-B1CE-FE0F80980854}.AppStore|x86.Build.0 = Release|x86
		{AB8FB5C6-4927-49FA-B1CE-FE0F80980854}.AppStore|x86.Deploy.0 = Release|x86
		{AB8FB5C6-4927-49FA-B1CE-FE0F80980854}.Debug|Any CPU.ActiveCfg = Debug|x86
		{AB8FB5C6-4927-49FA-B1CE-FE0F80980854}.Debug|Any CPU.Build.0 = Debug|x86
		{AB8FB5C6-4927-49FA-B1CE-FE0F80980854}.Debug|Any CPU.Deploy.0 = Debug|x86
		{AB8FB5C6-4927-49FA-B1CE-FE0F80980854}.Debug|ARM.ActiveCfg = Debug|ARM
		{AB8FB5C6-4927-49FA-B1CE-FE0F80980854}.Debug|ARM.Build.0 = Debug|ARM
		{AB8FB5C6-4927-49FA-B1CE-FE0F80980854}.Debug|ARM.Deploy.0 = Debug|ARM
		{AB8FB5C6-4927-49FA-B1CE-FE0F80980854}.Debug|iPhone.ActiveCfg = Debug|x86
		{AB8FB5C6-4927-49FA-B1CE-FE0F80980854}.Debug|iPhone.Build.0 = Debug|x86
		{AB8FB5C6-4927-49FA-B1CE-FE0F80980854}.Debug|iPhone.Deploy.0 = Debug|x86
		{AB8FB5C6-4927-49FA-B1CE-FE0F80980854}.Debug|iPhoneSimulator.ActiveCfg = Debug|x86
		{AB8FB5C6-4927-49FA-B1CE-FE0F80980854}.Debug|iPhoneSimulator.Build.0 = Debug|x86
		{AB8FB5C6-4927-49FA-B1CE-FE0F80980854}.Debug|iPhoneSimulator.Deploy.0 = Debug|x86
		{AB8FB5C6-4927-49FA-B1CE-FE0F80980854}.Debug|x64.ActiveCfg = Debug|x64
		{AB8FB5C6-4927-49FA-B1CE-FE0F80980854}.Debug|x64.Build.0 = Debug|x64
		{AB8FB5C6-4927-49FA-B1CE-FE0F80980854}.Debug|x64.Deploy.0 = Debug|x64
		{AB8FB5C6-4927-49FA-B1CE-FE0F80980854}.Debug|x86.ActiveCfg = Debug|x86
		{AB8FB5C6-4927-49FA-B1CE-FE0F80980854}.Debug|x86.Build.0 = Debug|x86
		{AB8FB5C6-4927-49FA-B1CE-FE0F80980854}.Debug|x86.Deploy.0 = Debug|x86
		{AB8FB5C6-4927-49FA-B1CE-FE0F80980854}.Release|Any CPU.ActiveCfg = Release|x86
		{AB8FB5C6-4927-49FA-B1CE-FE0F80980854}.Release|Any CPU.Build.0 = Release|x86
		{AB8FB5C6-4927-49FA-B1CE-FE0F80980854}.Release|Any CPU.Deploy.0 = Release|x86
		{AB8FB5C6-4927-49FA-B1CE-FE0F80980854}.Release|ARM.ActiveCfg = Release|ARM
		{AB8FB5C6-4927-49FA-B1CE-FE0F80980854}.Release|ARM.Build.0 = Release|ARM
		{AB8FB5C6-4927-49FA-B1CE-FE0F80980854}.Release|ARM.Deploy.0 = Release|ARM
		{AB8FB5C6-4927-49FA-B1CE-FE0F80980854}.Release|iPhone.ActiveCfg = Release|x86
		{AB8FB5C6-4927-49FA-B1CE-FE0F80980854}.Release|iPhone.Build.0 = Release|x86
		{AB8FB5C6-4927-49FA-B1CE-FE0F80980854}.Release|iPhone.Deploy.0 = Release|x86
		{AB8FB5C6-4927-49FA-B1CE-FE0F80980854}.Release|iPhoneSimulator.ActiveCfg = Release|x86
		{AB8FB5C6-4927-49FA-B1CE-FE0F80980854}.Release|iPhoneSimulator.Build.0 = Release|x86
		{AB8FB5C6-4927-49FA-B1CE-FE0F80980854}.Release|iPhoneSimulator.Deploy.0 = Release|x86
		{AB8FB5C6-4927-49FA-B1CE-FE0F80980854}.Release|x64.ActiveCfg = Release|x64
		{AB8FB5C6-4927-49FA-B1CE-FE0F80980854}.Release|x64.Build.0 = Release|x64
		{AB8FB5C6-4927-49FA-B1CE-FE0F80980854}.Release|x64.Deploy.0 = Release|x64
		{AB8FB5C6-4927-49FA-B1CE-FE0F80980854}.Release|x86.ActiveCfg = Release|x86
		{AB8FB5C6-4927-49FA-B1CE-FE0F80980854}.Release|x86.Build.0 = Release|x86
		{AB8FB5C6-4927-49FA-B1CE-FE0F80980854}.Release|x86.Deploy.0 = Release|x86
		{10CA5F19-C3B7-4E48-9F35-64F8E56C4200}.Ad-Hoc|Any CPU.ActiveCfg = Debug|Any CPU
		{10CA5F19-C3B7-4E48-9F35-64F8E56C4200}.Ad-Hoc|Any CPU.Build.0 = Debug|Any CPU
		{10CA5F19-C3B7-4E48-9F35-64F8E56C4200}.Ad-Hoc|Any CPU.Deploy.0 = Debug|Any CPU
		{10CA5F19-C3B7-4E48-9F35-64F8E56C4200}.Ad-Hoc|ARM.ActiveCfg = Debug|Any CPU
		{10CA5F19-C3B7-4E48-9F35-64F8E56C4200}.Ad-Hoc|ARM.Build.0 = Debug|Any CPU
		{10CA5F19-C3B7-4E48-9F35-64F8E56C4200}.Ad-Hoc|ARM.Deploy.0 = Debug|Any CPU
		{10CA5F19-C3B7-4E48-9F35-64F8E56C4200}.Ad-Hoc|iPhone.ActiveCfg = Debug|Any CPU
		{10CA5F19-C3B7-4E48-9F35-64F8E56C4200}.Ad-Hoc|iPhone.Build.0 = Debug|Any CPU
		{10CA5F19-C3B7-4E48-9F35-64F8E56C4200}.Ad-Hoc|iPhone.Deploy.0 = Debug|Any CPU
		{10CA5F19-C3B7-4E48-9F35-64F8E56C4200}.Ad-Hoc|iPhoneSimulator.ActiveCfg = Debug|Any CPU
		{10CA5F19-C3B7-4E48-9F35-64F8E56C4200}.Ad-Hoc|iPhoneSimulator.Build.0 = Debug|Any CPU
		{10CA5F19-C3B7-4E48-9F35-64F8E56C4200}.Ad-Hoc|iPhoneSimulator.Deploy.0 = Debug|Any CPU
		{10CA5F19-C3B7-4E48-9F35-64F8E56C4200}.Ad-Hoc|x64.ActiveCfg = Debug|Any CPU
		{10CA5F19-C3B7-4E48-9F35-64F8E56C4200}.Ad-Hoc|x64.Build.0 = Debug|Any CPU
		{10CA5F19-C3B7-4E48-9F35-64F8E56C4200}.Ad-Hoc|x64.Deploy.0 = Debug|Any CPU
		{10CA5F19-C3B7-4E48-9F35-64F8E56C4200}.Ad-Hoc|x86.ActiveCfg = Debug|Any CPU
		{10CA5F19-C3B7-4E48-9F35-64F8E56C4200}.Ad-Hoc|x86.Build.0 = Debug|Any CPU
		{10CA5F19-C3B7-4E48-9F35-64F8E56C4200}.Ad-Hoc|x86.Deploy.0 = Debug|Any CPU
		{10CA5F19-C3B7-4E48-9F35-64F8E56C4200}.AppStore|Any CPU.ActiveCfg = Debug|Any CPU
		{10CA5F19-C3B7-4E48-9F35-64F8E56C4200}.AppStore|Any CPU.Build.0 = Debug|Any CPU
		{10CA5F19-C3B7-4E48-9F35-64F8E56C4200}.AppStore|Any CPU.Deploy.0 = Debug|Any CPU
		{10CA5F19-C3B7-4E48-9F35-64F8E56C4200}.AppStore|ARM.ActiveCfg = Debug|Any CPU
		{10CA5F19-C3B7-4E48-9F35-64F8E56C4200}.AppStore|ARM.Build.0 = Debug|Any CPU
		{10CA5F19-C3B7-4E48-9F35-64F8E56C4200}.AppStore|ARM.Deploy.0 = Debug|Any CPU
		{10CA5F19-C3B7-4E48-9F35-64F8E56C4200}.AppStore|iPhone.ActiveCfg = Debug|Any CPU
		{10CA5F19-C3B7-4E48-9F35-64F8E56C4200}.AppStore|iPhone.Build.0 = Debug|Any CPU
		{10CA5F19-C3B7-4E48-9F35-64F8E56C4200}.AppStore|iPhone.Deploy.0 = Debug|Any CPU
		{10CA5F19-C3B7-4E48-9F35-64F8E56C4200}.AppStore|iPhoneSimulator.ActiveCfg = Debug|Any CPU
		{10CA5F19-C3B7-4E48-9F35-64F8E56C4200}.AppStore|iPhoneSimulator.Build.0 = Debug|Any CPU
		{10CA5F19-C3B7-4E48-9F35-64F8E56C4200}.AppStore|iPhoneSimulator.Deploy.0 = Debug|Any CPU
		{10CA5F19-C3B7-4E48-9F35-64F8E56C4200}.AppStore|x64.ActiveCfg = Debug|Any CPU
		{10CA5F19-C3B7-4E48-9F35-64F8E56C4200}.AppStore|x64.Build.0 = Debug|Any CPU
		{10CA5F19-C3B7-4E48-9F35-64F8E56C4200}.AppStore|x64.Deploy.0 = Debug|Any CPU
		{10CA5F19-C3B7-4E48-9F35-64F8E56C4200}.AppStore|x86.ActiveCfg = Debug|Any CPU
		{10CA5F19-C3B7-4E48-9F35-64F8E56C4200}.AppStore|x86.Build.0 = Debug|Any CPU
		{10CA5F19-C3B7-4E48-9F35-64F8E56C4200}.AppStore|x86.Deploy.0 = Debug|Any CPU
		{10CA5F19-C3B7-4E48-9F35-64F8E56C4200}.Debug|Any CPU.ActiveCfg = Debug|Any CPU
		{10CA5F19-C3B7-4E48-9F35-64F8E56C4200}.Debug|Any CPU.Build.0 = Debug|Any CPU
		{10CA5F19-C3B7-4E48-9F35-64F8E56C4200}.Debug|Any CPU.Deploy.0 = Debug|Any CPU
		{10CA5F19-C3B7-4E48-9F35-64F8E56C4200}.Debug|ARM.ActiveCfg = Debug|Any CPU
		{10CA5F19-C3B7-4E48-9F35-64F8E56C4200}.Debug|ARM.Build.0 = Debug|Any CPU
		{10CA5F19-C3B7-4E48-9F35-64F8E56C4200}.Debug|ARM.Deploy.0 = Debug|Any CPU
		{10CA5F19-C3B7-4E48-9F35-64F8E56C4200}.Debug|iPhone.ActiveCfg = Debug|Any CPU
		{10CA5F19-C3B7-4E48-9F35-64F8E56C4200}.Debug|iPhone.Build.0 = Debug|Any CPU
		{10CA5F19-C3B7-4E48-9F35-64F8E56C4200}.Debug|iPhone.Deploy.0 = Debug|Any CPU
		{10CA5F19-C3B7-4E48-9F35-64F8E56C4200}.Debug|iPhoneSimulator.ActiveCfg = Debug|Any CPU
		{10CA5F19-C3B7-4E48-9F35-64F8E56C4200}.Debug|iPhoneSimulator.Build.0 = Debug|Any CPU
		{10CA5F19-C3B7-4E48-9F35-64F8E56C4200}.Debug|iPhoneSimulator.Deploy.0 = Debug|Any CPU
		{10CA5F19-C3B7-4E48-9F35-64F8E56C4200}.Debug|x64.ActiveCfg = Debug|Any CPU
		{10CA5F19-C3B7-4E48-9F35-64F8E56C4200}.Debug|x64.Build.0 = Debug|Any CPU
		{10CA5F19-C3B7-4E48-9F35-64F8E56C4200}.Debug|x64.Deploy.0 = Debug|Any CPU
		{10CA5F19-C3B7-4E48-9F35-64F8E56C4200}.Debug|x86.ActiveCfg = Debug|Any CPU
		{10CA5F19-C3B7-4E48-9F35-64F8E56C4200}.Debug|x86.Build.0 = Debug|Any CPU
		{10CA5F19-C3B7-4E48-9F35-64F8E56C4200}.Debug|x86.Deploy.0 = Debug|Any CPU
		{10CA5F19-C3B7-4E48-9F35-64F8E56C4200}.Release|Any CPU.ActiveCfg = Release|Any CPU
		{10CA5F19-C3B7-4E48-9F35-64F8E56C4200}.Release|Any CPU.Build.0 = Release|Any CPU
		{10CA5F19-C3B7-4E48-9F35-64F8E56C4200}.Release|Any CPU.Deploy.0 = Release|Any CPU
		{10CA5F19-C3B7-4E48-9F35-64F8E56C4200}.Release|ARM.ActiveCfg = Release|Any CPU
		{10CA5F19-C3B7-4E48-9F35-64F8E56C4200}.Release|ARM.Build.0 = Release|Any CPU
		{10CA5F19-C3B7-4E48-9F35-64F8E56C4200}.Release|ARM.Deploy.0 = Release|Any CPU
		{10CA5F19-C3B7-4E48-9F35-64F8E56C4200}.Release|iPhone.ActiveCfg = Release|Any CPU
		{10CA5F19-C3B7-4E48-9F35-64F8E56C4200}.Release|iPhone.Build.0 = Release|Any CPU
		{10CA5F19-C3B7-4E48-9F35-64F8E56C4200}.Release|iPhone.Deploy.0 = Release|Any CPU
		{10CA5F19-C3B7-4E48-9F35-64F8E56C4200}.Release|iPhoneSimulator.ActiveCfg = Release|Any CPU
		{10CA5F19-C3B7-4E48-9F35-64F8E56C4200}.Release|iPhoneSimulator.Build.0 = Release|Any CPU
		{10CA5F19-C3B7-4E48-9F35-64F8E56C4200}.Release|iPhoneSimulator.Deploy.0 = Release|Any CPU
		{10CA5F19-C3B7-4E48-9F35-64F8E56C4200}.Release|x64.ActiveCfg = Release|Any CPU
		{10CA5F19-C3B7-4E48-9F35-64F8E56C4200}.Release|x64.Build.0 = Release|Any CPU
		{10CA5F19-C3B7-4E48-9F35-64F8E56C4200}.Release|x64.Deploy.0 = Release|Any CPU
		{10CA5F19-C3B7-4E48-9F35-64F8E56C4200}.Release|x86.ActiveCfg = Release|Any CPU
		{10CA5F19-C3B7-4E48-9F35-64F8E56C4200}.Release|x86.Build.0 = Release|Any CPU
		{10CA5F19-C3B7-4E48-9F35-64F8E56C4200}.Release|x86.Deploy.0 = Release|Any CPU
	EndGlobalSection
	GlobalSection(SolutionProperties) = preSolution
		HideSolutionNode = FALSE
	EndGlobalSection
	GlobalSection(ExtensibilityGlobals) = postSolution
		SolutionGuid = {2BDD6B45-84D3-484F-BC7F-2BB49C8564AA}
	EndGlobalSection
EndGlobal
